
Microsoft Visual Studio Solution File, Format Version 12.00
# Visual Studio Version 17
VisualStudioVersion = 17.11.35312.102
MinimumVisualStudioVersion = 10.0.40219.1
Project("{FAE04EC0-301F-11D3-BF4B-00C04F79EFBC}") = "MtuSetsAPIs", "MtuSetsAPIs\MtuSetsAPIs.csproj", "{5709885F-FC1F-40BC-8420-D46185E47152}"
EndProject
Project("{FAE04EC0-301F-11D3-BF4B-00C04F79EFBC}") = "DataAccessLayer", "DataAccessLayer\DataAccessLayer.csproj", "{D1E79048-77F0-4968-8B83-E29CB83FB1A4}"
EndProject
Project("{FAE04EC0-301F-11D3-BF4B-00C04F79EFBC}") = "BusinessLayer", "BusinessLayer\BusinessLayer.csproj", "{80ED1FC8-894C-4187-B582-67E39E81DD83}"
EndProject
Global
	GlobalSection(SolutionConfigurationPlatforms) = preSolution
		Debug|Any CPU = Debug|Any CPU
		Release|Any CPU = Release|Any CPU
	EndGlobalSection
	GlobalSection(ProjectConfigurationPlatforms) = postSolution
		{5709885F-FC1F-40BC-8420-D46185E47152}.Debug|Any CPU.ActiveCfg = Debug|Any CPU
		{5709885F-FC1F-40BC-8420-D46185E47152}.Debug|Any CPU.Build.0 = Debug|Any CPU
		{5709885F-FC1F-40BC-8420-D46185E47152}.Release|Any CPU.ActiveCfg = Release|Any CPU
		{5709885F-FC1F-40BC-8420-D46185E47152}.Release|Any CPU.Build.0 = Release|Any CPU
		{D1E79048-77F0-4968-8B83-E29CB83FB1A4}.Debug|Any CPU.ActiveCfg = Debug|Any CPU
		{D1E79048-77F0-4968-8B83-E29CB83FB1A4}.Debug|Any CPU.Build.0 = Debug|Any CPU
		{D1E79048-77F0-4968-8B83-E29CB83FB1A4}.Release|Any CPU.ActiveCfg = Release|Any CPU
		{D1E79048-77F0-4968-8B83-E29CB83FB1A4}.Release|Any CPU.Build.0 = Release|Any CPU
		{80ED1FC8-894C-4187-B582-67E39E81DD83}.Debug|Any CPU.ActiveCfg = Debug|Any CPU
		{80ED1FC8-894C-4187-B582-67E39E81DD83}.Debug|Any CPU.Build.0 = Debug|Any CPU
		{80ED1FC8-894C-4187-B582-67E39E81DD83}.Release|Any CPU.ActiveCfg = Release|Any CPU
		{80ED1FC8-894C-4187-B582-67E39E81DD83}.Release|Any CPU.Build.0 = Release|Any CPU
	EndGlobalSection
	GlobalSection(SolutionProperties) = preSolution
		HideSolutionNode = FALSE
	EndGlobalSection
	GlobalSection(ExtensibilityGlobals) = postSolution
		SolutionGuid = {DAED555E-35D5-4AEC-A3A5-BEE2245F0961}
	EndGlobalSection
EndGlobal
